// !$*UTF8*$!
{
	archiveVersion = 1;
	classes = {
	};
	objectVersion = 51;
	objects = {

/* Begin PBXBuildFile section */
		804E618724957D0C00825150 /* AppDelegate.swift in Sources */ = {isa = PBXBuildFile; fileRef = 804E618624957D0C00825150 /* AppDelegate.swift */; };
		804E618924957D0C00825150 /* SceneDelegate.swift in Sources */ = {isa = PBXBuildFile; fileRef = 804E618824957D0C00825150 /* SceneDelegate.swift */; };
		804E618B24957D0C00825150 /* ViewController.swift in Sources */ = {isa = PBXBuildFile; fileRef = 804E618A24957D0C00825150 /* ViewController.swift */; };
		804E618E24957D0C00825150 /* Main.storyboard in Resources */ = {isa = PBXBuildFile; fileRef = 804E618C24957D0C00825150 /* Main.storyboard */; };
		804E619024957D1000825150 /* Assets.xcassets in Resources */ = {isa = PBXBuildFile; fileRef = 804E618F24957D1000825150 /* Assets.xcassets */; };
		804E619324957D1000825150 /* LaunchScreen.storyboard in Resources */ = {isa = PBXBuildFile; fileRef = 804E619124957D1000825150 /* LaunchScreen.storyboard */; };
		804E619B24957E3200825150 /* MainTabBarVC.swift in Sources */ = {isa = PBXBuildFile; fileRef = 804E619A24957E3200825150 /* MainTabBarVC.swift */; };
		804E619D24980C9400825150 /* NotificationsTableVC.swift in Sources */ = {isa = PBXBuildFile; fileRef = 804E619C24980C9400825150 /* NotificationsTableVC.swift */; };
		804E61A124980DB000825150 /* SidebarVC.swift in Sources */ = {isa = PBXBuildFile; fileRef = 804E61A024980DB000825150 /* SidebarVC.swift */; };
		804E61A324980DD500825150 /* NewPostVC.swift in Sources */ = {isa = PBXBuildFile; fileRef = 804E61A224980DD500825150 /* NewPostVC.swift */; };
		804E61A524980DFD00825150 /* HomeVC.swift in Sources */ = {isa = PBXBuildFile; fileRef = 804E61A424980DFD00825150 /* HomeVC.swift */; };
		804E61A724980E4B00825150 /* ProfileTableVC.swift in Sources */ = {isa = PBXBuildFile; fileRef = 804E61A624980E4B00825150 /* ProfileTableVC.swift */; };
		8066D62D24A6CEC0002A9E16 /* HomeView.swift in Sources */ = {isa = PBXBuildFile; fileRef = 8066D62C24A6CEC0002A9E16 /* HomeView.swift */; };
		8066D62F24AACAF8002A9E16 /* PostCell.swift in Sources */ = {isa = PBXBuildFile; fileRef = 8066D62E24AACAF8002A9E16 /* PostCell.swift */; };
		806B790524B817AD002B45BD /* PostModel.swift in Sources */ = {isa = PBXBuildFile; fileRef = 806B790424B817AD002B45BD /* PostModel.swift */; };
		8081185424C2626C0032D46D /* LoginViewController.swift in Sources */ = {isa = PBXBuildFile; fileRef = 8081185324C2626C0032D46D /* LoginViewController.swift */; };
		8081185624C262910032D46D /* LoginView.swift in Sources */ = {isa = PBXBuildFile; fileRef = 8081185524C262910032D46D /* LoginView.swift */; };
		80CA4FC624C4CA2900B66D6B /* SignUpViewController.swift in Sources */ = {isa = PBXBuildFile; fileRef = 80CA4FC524C4CA2900B66D6B /* SignUpViewController.swift */; };
		80CA4FC824C4CA3E00B66D6B /* SignUpView.swift in Sources */ = {isa = PBXBuildFile; fileRef = 80CA4FC724C4CA3E00B66D6B /* SignUpView.swift */; };
		80FDD6A5249968FF00304007 /* MainContainerVC.swift in Sources */ = {isa = PBXBuildFile; fileRef = 80FDD6A4249968FF00304007 /* MainContainerVC.swift */; };
		80FDD6A924A188BF00304007 /* GoogleService-Info.plist in Resources */ = {isa = PBXBuildFile; fileRef = 80FDD6A824A188BF00304007 /* GoogleService-Info.plist */; };
		D376F7B778D7EC42DE2A05F2 /* Pods_projectX.framework in Frameworks */ = {isa = PBXBuildFile; fileRef = 6016FA9D2BEBBB85B30C0B41 /* Pods_projectX.framework */; };
/* End PBXBuildFile section */

/* Begin PBXFileReference section */
		4A216F81A4DD94A6239F9BAE /* Pods-projectX.debug.xcconfig */ = {isa = PBXFileReference; includeInIndex = 1; lastKnownFileType = text.xcconfig; name = "Pods-projectX.debug.xcconfig"; path = "Target Support Files/Pods-projectX/Pods-projectX.debug.xcconfig"; sourceTree = "<group>"; };
		6016FA9D2BEBBB85B30C0B41 /* Pods_projectX.framework */ = {isa = PBXFileReference; explicitFileType = wrapper.framework; includeInIndex = 0; path = Pods_projectX.framework; sourceTree = BUILT_PRODUCTS_DIR; };
		804E618324957D0C00825150 /* projectX.app */ = {isa = PBXFileReference; explicitFileType = wrapper.application; includeInIndex = 0; path = projectX.app; sourceTree = BUILT_PRODUCTS_DIR; };
		804E618624957D0C00825150 /* AppDelegate.swift */ = {isa = PBXFileReference; lastKnownFileType = sourcecode.swift; path = AppDelegate.swift; sourceTree = "<group>"; };
		804E618824957D0C00825150 /* SceneDelegate.swift */ = {isa = PBXFileReference; lastKnownFileType = sourcecode.swift; path = SceneDelegate.swift; sourceTree = "<group>"; };
		804E618A24957D0C00825150 /* ViewController.swift */ = {isa = PBXFileReference; lastKnownFileType = sourcecode.swift; path = ViewController.swift; sourceTree = "<group>"; };
		804E618D24957D0C00825150 /* Base */ = {isa = PBXFileReference; lastKnownFileType = file.storyboard; name = Base; path = Base.lproj/Main.storyboard; sourceTree = "<group>"; };
		804E618F24957D1000825150 /* Assets.xcassets */ = {isa = PBXFileReference; lastKnownFileType = folder.assetcatalog; path = Assets.xcassets; sourceTree = "<group>"; };
		804E619224957D1000825150 /* Base */ = {isa = PBXFileReference; lastKnownFileType = file.storyboard; name = Base; path = Base.lproj/LaunchScreen.storyboard; sourceTree = "<group>"; };
		804E619424957D1000825150 /* Info.plist */ = {isa = PBXFileReference; lastKnownFileType = text.plist.xml; path = Info.plist; sourceTree = "<group>"; };
		804E619A24957E3200825150 /* MainTabBarVC.swift */ = {isa = PBXFileReference; lastKnownFileType = sourcecode.swift; path = MainTabBarVC.swift; sourceTree = "<group>"; };
		804E619C24980C9400825150 /* NotificationsTableVC.swift */ = {isa = PBXFileReference; lastKnownFileType = sourcecode.swift; path = NotificationsTableVC.swift; sourceTree = "<group>"; };
		804E61A024980DB000825150 /* SidebarVC.swift */ = {isa = PBXFileReference; lastKnownFileType = sourcecode.swift; path = SidebarVC.swift; sourceTree = "<group>"; };
		804E61A224980DD500825150 /* NewPostVC.swift */ = {isa = PBXFileReference; lastKnownFileType = sourcecode.swift; path = NewPostVC.swift; sourceTree = "<group>"; };
		804E61A424980DFD00825150 /* HomeVC.swift */ = {isa = PBXFileReference; lastKnownFileType = sourcecode.swift; path = HomeVC.swift; sourceTree = "<group>"; };
		804E61A624980E4B00825150 /* ProfileTableVC.swift */ = {isa = PBXFileReference; lastKnownFileType = sourcecode.swift; path = ProfileTableVC.swift; sourceTree = "<group>"; };
		8066D62C24A6CEC0002A9E16 /* HomeView.swift */ = {isa = PBXFileReference; lastKnownFileType = sourcecode.swift; path = HomeView.swift; sourceTree = "<group>"; };
		8066D62E24AACAF8002A9E16 /* PostCell.swift */ = {isa = PBXFileReference; lastKnownFileType = sourcecode.swift; path = PostCell.swift; sourceTree = "<group>"; };
		806B790424B817AD002B45BD /* PostModel.swift */ = {isa = PBXFileReference; lastKnownFileType = sourcecode.swift; path = PostModel.swift; sourceTree = "<group>"; };
		8081185324C2626C0032D46D /* LoginViewController.swift */ = {isa = PBXFileReference; lastKnownFileType = sourcecode.swift; path = LoginViewController.swift; sourceTree = "<group>"; };
		8081185524C262910032D46D /* LoginView.swift */ = {isa = PBXFileReference; lastKnownFileType = sourcecode.swift; path = LoginView.swift; sourceTree = "<group>"; };
		80CA4FC524C4CA2900B66D6B /* SignUpViewController.swift */ = {isa = PBXFileReference; lastKnownFileType = sourcecode.swift; path = SignUpViewController.swift; sourceTree = "<group>"; };
		80CA4FC724C4CA3E00B66D6B /* SignUpView.swift */ = {isa = PBXFileReference; lastKnownFileType = sourcecode.swift; path = SignUpView.swift; sourceTree = "<group>"; };
		80FDD6A4249968FF00304007 /* MainContainerVC.swift */ = {isa = PBXFileReference; lastKnownFileType = sourcecode.swift; path = MainContainerVC.swift; sourceTree = "<group>"; };
		80FDD6A824A188BF00304007 /* GoogleService-Info.plist */ = {isa = PBXFileReference; fileEncoding = 4; lastKnownFileType = text.plist.xml; path = "GoogleService-Info.plist"; sourceTree = "<group>"; };
		CE774F905F70DF49766D0585 /* Pods-projectX.release.xcconfig */ = {isa = PBXFileReference; includeInIndex = 1; lastKnownFileType = text.xcconfig; name = "Pods-projectX.release.xcconfig"; path = "Target Support Files/Pods-projectX/Pods-projectX.release.xcconfig"; sourceTree = "<group>"; };
/* End PBXFileReference section */

/* Begin PBXFrameworksBuildPhase section */
		804E618024957D0C00825150 /* Frameworks */ = {
			isa = PBXFrameworksBuildPhase;
			buildActionMask = 2147483647;
			files = (
				D376F7B778D7EC42DE2A05F2 /* Pods_projectX.framework in Frameworks */,
			);
			runOnlyForDeploymentPostprocessing = 0;
		};
/* End PBXFrameworksBuildPhase section */

/* Begin PBXGroup section */
		68C6AE271B5168FFDDEEA3A8 /* Frameworks */ = {
			isa = PBXGroup;
			children = (
				6016FA9D2BEBBB85B30C0B41 /* Pods_projectX.framework */,
			);
			name = Frameworks;
			sourceTree = "<group>";
		};
		7B5B9921A6DC5344235D0894 /* Pods */ = {
			isa = PBXGroup;
			children = (
				4A216F81A4DD94A6239F9BAE /* Pods-projectX.debug.xcconfig */,
				CE774F905F70DF49766D0585 /* Pods-projectX.release.xcconfig */,
			);
			path = Pods;
			sourceTree = "<group>";
		};
		804E617A24957D0C00825150 = {
			isa = PBXGroup;
			children = (
				804E618524957D0C00825150 /* projectX */,
				804E618424957D0C00825150 /* Products */,
				7B5B9921A6DC5344235D0894 /* Pods */,
				68C6AE271B5168FFDDEEA3A8 /* Frameworks */,
			);
			sourceTree = "<group>";
		};
		804E618424957D0C00825150 /* Products */ = {
			isa = PBXGroup;
			children = (
				804E618324957D0C00825150 /* projectX.app */,
			);
			name = Products;
			sourceTree = "<group>";
		};
		804E618524957D0C00825150 /* projectX */ = {
			isa = PBXGroup;
			children = (
				80FDD6A4249968FF00304007 /* MainContainerVC.swift */,
				804E619A24957E3200825150 /* MainTabBarVC.swift */,
				8081185224C2624A0032D46D /* LoginVC */,
				804E61A824980E6A00825150 /* SidebarVC */,
				804E61AA24980E7D00825150 /* HomeTableVC */,
				804E61AB24980E8400825150 /* ProfileTableVC */,
				804E61A924980E7500825150 /* NewPostVC */,
				804E619E24980D2A00825150 /* NotificationsTableVC */,
				804E618F24957D1000825150 /* Assets.xcassets */,
				804E619F24980D7000825150 /* etc */,
				804E619424957D1000825150 /* Info.plist */,
				80FDD6A824A188BF00304007 /* GoogleService-Info.plist */,
			);
			path = projectX;
			sourceTree = "<group>";
		};
		804E619E24980D2A00825150 /* NotificationsTableVC */ = {
			isa = PBXGroup;
			children = (
				804E619C24980C9400825150 /* NotificationsTableVC.swift */,
			);
			path = NotificationsTableVC;
			sourceTree = "<group>";
		};
		804E619F24980D7000825150 /* etc */ = {
			isa = PBXGroup;
			children = (
				804E618824957D0C00825150 /* SceneDelegate.swift */,
				804E618A24957D0C00825150 /* ViewController.swift */,
				804E618624957D0C00825150 /* AppDelegate.swift */,
				804E618C24957D0C00825150 /* Main.storyboard */,
				804E619124957D1000825150 /* LaunchScreen.storyboard */,
			);
			path = etc;
			sourceTree = "<group>";
		};
		804E61A824980E6A00825150 /* SidebarVC */ = {
			isa = PBXGroup;
			children = (
				804E61A024980DB000825150 /* SidebarVC.swift */,
			);
			path = SidebarVC;
			sourceTree = "<group>";
		};
		804E61A924980E7500825150 /* NewPostVC */ = {
			isa = PBXGroup;
			children = (
				804E61A224980DD500825150 /* NewPostVC.swift */,
			);
			path = NewPostVC;
			sourceTree = "<group>";
		};
		804E61AA24980E7D00825150 /* HomeTableVC */ = {
			isa = PBXGroup;
			children = (
				804E61A424980DFD00825150 /* HomeVC.swift */,
				806B790424B817AD002B45BD /* PostModel.swift */,
				8066D62E24AACAF8002A9E16 /* PostCell.swift */,
				8066D62C24A6CEC0002A9E16 /* HomeView.swift */,
			);
			path = HomeTableVC;
			sourceTree = "<group>";
		};
		804E61AB24980E8400825150 /* ProfileTableVC */ = {
			isa = PBXGroup;
			children = (
				804E61A624980E4B00825150 /* ProfileTableVC.swift */,
			);
			path = ProfileTableVC;
			sourceTree = "<group>";
		};
		8081185224C2624A0032D46D /* LoginVC */ = {
			isa = PBXGroup;
			children = (
				8081185324C2626C0032D46D /* LoginViewController.swift */,
				8081185524C262910032D46D /* LoginView.swift */,
				80CA4FC524C4CA2900B66D6B /* SignUpViewController.swift */,
				80CA4FC724C4CA3E00B66D6B /* SignUpView.swift */,
			);
			path = LoginVC;
			sourceTree = "<group>";
		};
/* End PBXGroup section */

/* Begin PBXNativeTarget section */
		804E618224957D0C00825150 /* projectX */ = {
			isa = PBXNativeTarget;
			buildConfigurationList = 804E619724957D1000825150 /* Build configuration list for PBXNativeTarget "projectX" */;
			buildPhases = (
				04BEC13167CB2D8404355FF0 /* [CP] Check Pods Manifest.lock */,
				804E617F24957D0C00825150 /* Sources */,
				804E618024957D0C00825150 /* Frameworks */,
				804E618124957D0C00825150 /* Resources */,
				681973534E769018E58B9EA8 /* [CP] Embed Pods Frameworks */,
			);
			buildRules = (
			);
			dependencies = (
			);
			name = projectX;
			productName = projectX;
			productReference = 804E618324957D0C00825150 /* projectX.app */;
			productType = "com.apple.product-type.application";
		};
/* End PBXNativeTarget section */

/* Begin PBXProject section */
		804E617B24957D0C00825150 /* Project object */ = {
			isa = PBXProject;
			attributes = {
				LastSwiftUpdateCheck = 1150;
				LastUpgradeCheck = 1150;
				ORGANIZATIONNAME = "Radomyr Bezghin";
				TargetAttributes = {
					804E618224957D0C00825150 = {
						CreatedOnToolsVersion = 11.5;
					};
				};
			};
			buildConfigurationList = 804E617E24957D0C00825150 /* Build configuration list for PBXProject "projectX" */;
			compatibilityVersion = "Xcode 9.3";
			developmentRegion = en;
			hasScannedForEncodings = 0;
			knownRegions = (
				en,
				Base,
			);
			mainGroup = 804E617A24957D0C00825150;
			productRefGroup = 804E618424957D0C00825150 /* Products */;
			projectDirPath = "";
			projectRoot = "";
			targets = (
				804E618224957D0C00825150 /* projectX */,
			);
		};
/* End PBXProject section */

/* Begin PBXResourcesBuildPhase section */
		804E618124957D0C00825150 /* Resources */ = {
			isa = PBXResourcesBuildPhase;
			buildActionMask = 2147483647;
			files = (
				804E619324957D1000825150 /* LaunchScreen.storyboard in Resources */,
				80FDD6A924A188BF00304007 /* GoogleService-Info.plist in Resources */,
				804E619024957D1000825150 /* Assets.xcassets in Resources */,
				804E618E24957D0C00825150 /* Main.storyboard in Resources */,
			);
			runOnlyForDeploymentPostprocessing = 0;
		};
/* End PBXResourcesBuildPhase section */

/* Begin PBXShellScriptBuildPhase section */
		04BEC13167CB2D8404355FF0 /* [CP] Check Pods Manifest.lock */ = {
			isa = PBXShellScriptBuildPhase;
			buildActionMask = 2147483647;
			files = (
			);
			inputFileListPaths = (
			);
			inputPaths = (
				"${PODS_PODFILE_DIR_PATH}/Podfile.lock",
				"${PODS_ROOT}/Manifest.lock",
			);
			name = "[CP] Check Pods Manifest.lock";
			outputFileListPaths = (
			);
			outputPaths = (
				"$(DERIVED_FILE_DIR)/Pods-projectX-checkManifestLockResult.txt",
			);
			runOnlyForDeploymentPostprocessing = 0;
			shellPath = /bin/sh;
			shellScript = "diff \"${PODS_PODFILE_DIR_PATH}/Podfile.lock\" \"${PODS_ROOT}/Manifest.lock\" > /dev/null\nif [ $? != 0 ] ; then\n    # print error to STDERR\n    echo \"error: The sandbox is not in sync with the Podfile.lock. Run 'pod install' or update your CocoaPods installation.\" >&2\n    exit 1\nfi\n# This output is used by Xcode 'outputs' to avoid re-running this script phase.\necho \"SUCCESS\" > \"${SCRIPT_OUTPUT_FILE_0}\"\n";
			showEnvVarsInLog = 0;
		};
		681973534E769018E58B9EA8 /* [CP] Embed Pods Frameworks */ = {
			isa = PBXShellScriptBuildPhase;
			buildActionMask = 2147483647;
			files = (
			);
			inputFileListPaths = (
				"${PODS_ROOT}/Target Support Files/Pods-projectX/Pods-projectX-frameworks-${CONFIGURATION}-input-files.xcfilelist",
			);
			name = "[CP] Embed Pods Frameworks";
			outputFileListPaths = (
				"${PODS_ROOT}/Target Support Files/Pods-projectX/Pods-projectX-frameworks-${CONFIGURATION}-output-files.xcfilelist",
			);
			runOnlyForDeploymentPostprocessing = 0;
			shellPath = /bin/sh;
			shellScript = "\"${PODS_ROOT}/Target Support Files/Pods-projectX/Pods-projectX-frameworks.sh\"\n";
			showEnvVarsInLog = 0;
		};
/* End PBXShellScriptBuildPhase section */

/* Begin PBXSourcesBuildPhase section */
		804E617F24957D0C00825150 /* Sources */ = {
			isa = PBXSourcesBuildPhase;
			buildActionMask = 2147483647;
			files = (
				8081185424C2626C0032D46D /* LoginViewController.swift in Sources */,
				804E618B24957D0C00825150 /* ViewController.swift in Sources */,
				804E619D24980C9400825150 /* NotificationsTableVC.swift in Sources */,
				8081185624C262910032D46D /* LoginView.swift in Sources */,
				804E618724957D0C00825150 /* AppDelegate.swift in Sources */,
				804E61A324980DD500825150 /* NewPostVC.swift in Sources */,
				804E61A724980E4B00825150 /* ProfileTableVC.swift in Sources */,
				806B790524B817AD002B45BD /* PostModel.swift in Sources */,
				8066D62D24A6CEC0002A9E16 /* HomeView.swift in Sources */,
				804E61A124980DB000825150 /* SidebarVC.swift in Sources */,
				80CA4FC624C4CA2900B66D6B /* SignUpViewController.swift in Sources */,
				804E618924957D0C00825150 /* SceneDelegate.swift in Sources */,
				80CA4FC824C4CA3E00B66D6B /* SignUpView.swift in Sources */,
				80FDD6A5249968FF00304007 /* MainContainerVC.swift in Sources */,
				804E61A524980DFD00825150 /* HomeVC.swift in Sources */,
				804E619B24957E3200825150 /* MainTabBarVC.swift in Sources */,
				8066D62F24AACAF8002A9E16 /* PostCell.swift in Sources */,
			);
			runOnlyForDeploymentPostprocessing = 0;
		};
/* End PBXSourcesBuildPhase section */

/* Begin PBXVariantGroup section */
		804E618C24957D0C00825150 /* Main.storyboard */ = {
			isa = PBXVariantGroup;
			children = (
				804E618D24957D0C00825150 /* Base */,
			);
			name = Main.storyboard;
			sourceTree = "<group>";
		};
		804E619124957D1000825150 /* LaunchScreen.storyboard */ = {
			isa = PBXVariantGroup;
			children = (
				804E619224957D1000825150 /* Base */,
			);
			name = LaunchScreen.storyboard;
			sourceTree = "<group>";
		};
/* End PBXVariantGroup section */

/* Begin XCBuildConfiguration section */
		804E619524957D1000825150 /* Debug */ = {
			isa = XCBuildConfiguration;
			buildSettings = {
				ALWAYS_SEARCH_USER_PATHS = NO;
				CLANG_ANALYZER_NONNULL = YES;
				CLANG_ANALYZER_NUMBER_OBJECT_CONVERSION = YES_AGGRESSIVE;
				CLANG_CXX_LANGUAGE_STANDARD = "gnu++14";
				CLANG_CXX_LIBRARY = "libc++";
				CLANG_ENABLE_MODULES = YES;
				CLANG_ENABLE_OBJC_ARC = YES;
				CLANG_ENABLE_OBJC_WEAK = YES;
				CLANG_WARN_BLOCK_CAPTURE_AUTORELEASING = YES;
				CLANG_WARN_BOOL_CONVERSION = YES;
				CLANG_WARN_COMMA = YES;
				CLANG_WARN_CONSTANT_CONVERSION = YES;
				CLANG_WARN_DEPRECATED_OBJC_IMPLEMENTATIONS = YES;
				CLANG_WARN_DIRECT_OBJC_ISA_USAGE = YES_ERROR;
				CLANG_WARN_DOCUMENTATION_COMMENTS = YES;
				CLANG_WARN_EMPTY_BODY = YES;
				CLANG_WARN_ENUM_CONVERSION = YES;
				CLANG_WARN_INFINITE_RECURSION = YES;
				CLANG_WARN_INT_CONVERSION = YES;
				CLANG_WARN_NON_LITERAL_NULL_CONVERSION = YES;
				CLANG_WARN_OBJC_IMPLICIT_RETAIN_SELF = YES;
				CLANG_WARN_OBJC_LITERAL_CONVERSION = YES;
				CLANG_WARN_OBJC_ROOT_CLASS = YES_ERROR;
				CLANG_WARN_RANGE_LOOP_ANALYSIS = YES;
				CLANG_WARN_STRICT_PROTOTYPES = YES;
				CLANG_WARN_SUSPICIOUS_MOVE = YES;
				CLANG_WARN_UNGUARDED_AVAILABILITY = YES_AGGRESSIVE;
				CLANG_WARN_UNREACHABLE_CODE = YES;
				CLANG_WARN__DUPLICATE_METHOD_MATCH = YES;
				COPY_PHASE_STRIP = NO;
				DEBUG_INFORMATION_FORMAT = dwarf;
				ENABLE_STRICT_OBJC_MSGSEND = YES;
				ENABLE_TESTABILITY = YES;
				GCC_C_LANGUAGE_STANDARD = gnu11;
				GCC_DYNAMIC_NO_PIC = NO;
				GCC_NO_COMMON_BLOCKS = YES;
				GCC_OPTIMIZATION_LEVEL = 0;
				GCC_PREPROCESSOR_DEFINITIONS = (
					"DEBUG=1",
					"$(inherited)",
				);
				GCC_WARN_64_TO_32_BIT_CONVERSION = YES;
				GCC_WARN_ABOUT_RETURN_TYPE = YES_ERROR;
				GCC_WARN_UNDECLARED_SELECTOR = YES;
				GCC_WARN_UNINITIALIZED_AUTOS = YES_AGGRESSIVE;
				GCC_WARN_UNUSED_FUNCTION = YES;
				GCC_WARN_UNUSED_VARIABLE = YES;
				IPHONEOS_DEPLOYMENT_TARGET = 13.5;
				MTL_ENABLE_DEBUG_INFO = INCLUDE_SOURCE;
				MTL_FAST_MATH = YES;
				ONLY_ACTIVE_ARCH = YES;
				SDKROOT = iphoneos;
				SWIFT_ACTIVE_COMPILATION_CONDITIONS = DEBUG;
				SWIFT_OPTIMIZATION_LEVEL = "-Onone";
			};
			name = Debug;
		};
		804E619624957D1000825150 /* Release */ = {
			isa = XCBuildConfiguration;
			buildSettings = {
				ALWAYS_SEARCH_USER_PATHS = NO;
				CLANG_ANALYZER_NONNULL = YES;
				CLANG_ANALYZER_NUMBER_OBJECT_CONVERSION = YES_AGGRESSIVE;
				CLANG_CXX_LANGUAGE_STANDARD = "gnu++14";
				CLANG_CXX_LIBRARY = "libc++";
				CLANG_ENABLE_MODULES = YES;
				CLANG_ENABLE_OBJC_ARC = YES;
				CLANG_ENABLE_OBJC_WEAK = YES;
				CLANG_WARN_BLOCK_CAPTURE_AUTORELEASING = YES;
				CLANG_WARN_BOOL_CONVERSION = YES;
				CLANG_WARN_COMMA = YES;
				CLANG_WARN_CONSTANT_CONVERSION = YES;
				CLANG_WARN_DEPRECATED_OBJC_IMPLEMENTATIONS = YES;
				CLANG_WARN_DIRECT_OBJC_ISA_USAGE = YES_ERROR;
				CLANG_WARN_DOCUMENTATION_COMMENTS = YES;
				CLANG_WARN_EMPTY_BODY = YES;
				CLANG_WARN_ENUM_CONVERSION = YES;
				CLANG_WARN_INFINITE_RECURSION = YES;
				CLANG_WARN_INT_CONVERSION = YES;
				CLANG_WARN_NON_LITERAL_NULL_CONVERSION = YES;
				CLANG_WARN_OBJC_IMPLICIT_RETAIN_SELF = YES;
				CLANG_WARN_OBJC_LITERAL_CONVERSION = YES;
				CLANG_WARN_OBJC_ROOT_CLASS = YES_ERROR;
				CLANG_WARN_RANGE_LOOP_ANALYSIS = YES;
				CLANG_WARN_STRICT_PROTOTYPES = YES;
				CLANG_WARN_SUSPICIOUS_MOVE = YES;
				CLANG_WARN_UNGUARDED_AVAILABILITY = YES_AGGRESSIVE;
				CLANG_WARN_UNREACHABLE_CODE = YES;
				CLANG_WARN__DUPLICATE_METHOD_MATCH = YES;
				COPY_PHASE_STRIP = NO;
				DEBUG_INFORMATION_FORMAT = "dwarf-with-dsym";
				ENABLE_NS_ASSERTIONS = NO;
				ENABLE_STRICT_OBJC_MSGSEND = YES;
				GCC_C_LANGUAGE_STANDARD = gnu11;
				GCC_NO_COMMON_BLOCKS = YES;
				GCC_WARN_64_TO_32_BIT_CONVERSION = YES;
				GCC_WARN_ABOUT_RETURN_TYPE = YES_ERROR;
				GCC_WARN_UNDECLARED_SELECTOR = YES;
				GCC_WARN_UNINITIALIZED_AUTOS = YES_AGGRESSIVE;
				GCC_WARN_UNUSED_FUNCTION = YES;
				GCC_WARN_UNUSED_VARIABLE = YES;
				IPHONEOS_DEPLOYMENT_TARGET = 13.5;
				MTL_ENABLE_DEBUG_INFO = NO;
				MTL_FAST_MATH = YES;
				SDKROOT = iphoneos;
				SWIFT_COMPILATION_MODE = wholemodule;
				SWIFT_OPTIMIZATION_LEVEL = "-O";
				VALIDATE_PRODUCT = YES;
			};
			name = Release;
		};
		804E619824957D1000825150 /* Debug */ = {
			isa = XCBuildConfiguration;
			baseConfigurationReference = 4A216F81A4DD94A6239F9BAE /* Pods-projectX.debug.xcconfig */;
			buildSettings = {
				ASSETCATALOG_COMPILER_APPICON_NAME = AppIcon;
				CODE_SIGN_STYLE = Automatic;
				DEVELOPMENT_TEAM = 3S8Y6C28BB;
				INFOPLIST_FILE = projectX/Info.plist;
				LD_RUNPATH_SEARCH_PATHS = (
					"$(inherited)",
					"@executable_path/Frameworks",
				);
				PRODUCT_BUNDLE_IDENTIFIER = co.rbezghin.projectX;
				PRODUCT_NAME = "$(TARGET_NAME)";
				SWIFT_VERSION = 5.0;
				TARGETED_DEVICE_FAMILY = "1,2";
			};
			name = Debug;
		};
		804E619924957D1000825150 /* Release */ = {
			isa = XCBuildConfiguration;
			baseConfigurationReference = CE774F905F70DF49766D0585 /* Pods-projectX.release.xcconfig */;
			buildSettings = {
				ASSETCATALOG_COMPILER_APPICON_NAME = AppIcon;
				CODE_SIGN_STYLE = Automatic;
				DEVELOPMENT_TEAM = 3S8Y6C28BB;
				INFOPLIST_FILE = projectX/Info.plist;
				LD_RUNPATH_SEARCH_PATHS = (
					"$(inherited)",
					"@executable_path/Frameworks",
				);
				PRODUCT_BUNDLE_IDENTIFIER = co.rbezghin.projectX;
				PRODUCT_NAME = "$(TARGET_NAME)";
				SWIFT_VERSION = 5.0;
				TARGETED_DEVICE_FAMILY = "1,2";
			};
			name = Release;
		};
/* End XCBuildConfiguration section */

/* Begin XCConfigurationList section */
		804E617E24957D0C00825150 /* Build configuration list for PBXProject "projectX" */ = {
			isa = XCConfigurationList;
			buildConfigurations = (
				804E619524957D1000825150 /* Debug */,
				804E619624957D1000825150 /* Release */,
			);
			defaultConfigurationIsVisible = 0;
			defaultConfigurationName = Release;
		};
		804E619724957D1000825150 /* Build configuration list for PBXNativeTarget "projectX" */ = {
			isa = XCConfigurationList;
			buildConfigurations = (
				804E619824957D1000825150 /* Debug */,
				804E619924957D1000825150 /* Release */,
			);
			defaultConfigurationIsVisible = 0;
			defaultConfigurationName = Release;
		};
/* End XCConfigurationList section */
	};
	rootObject = 804E617B24957D0C00825150 /* Project object */;
}
