// !$*UTF8*$!
{
	archiveVersion = 1;
	classes = {
	};
	objectVersion = 51;
	objects = {

/* Begin PBXBuildFile section */
		563A4ECB25B6028000FFEF66 /* GoogleService-Info.plist in Resources */ = {isa = PBXBuildFile; fileRef = 563A4ECA25B6028000FFEF66 /* GoogleService-Info.plist */; };
		801A37A62514024800F22A11 /* NotificationCell.swift in Sources */ = {isa = PBXBuildFile; fileRef = 801A37A52514024800F22A11 /* NotificationCell.swift */; };
		801A37A82514025D00F22A11 /* NotificationView.swift in Sources */ = {isa = PBXBuildFile; fileRef = 801A37A72514025D00F22A11 /* NotificationView.swift */; };
		803972D52519780D002695EC /* SideBarView.swift in Sources */ = {isa = PBXBuildFile; fileRef = 803972D42519780D002695EC /* SideBarView.swift */; };
		803D75A2250AD3E0003F569D /* NewCommentView.swift in Sources */ = {isa = PBXBuildFile; fileRef = 803D759E250AD3E0003F569D /* NewCommentView.swift */; };
		803D75A3250AD3E0003F569D /* CommentCell.swift in Sources */ = {isa = PBXBuildFile; fileRef = 803D759F250AD3E0003F569D /* CommentCell.swift */; };
		803D75A4250AD3E0003F569D /* PostView.swift in Sources */ = {isa = PBXBuildFile; fileRef = 803D75A0250AD3E0003F569D /* PostView.swift */; };
		803D75A5250AD3E0003F569D /* PostViewController.swift in Sources */ = {isa = PBXBuildFile; fileRef = 803D75A1250AD3E0003F569D /* PostViewController.swift */; };
		803D75AA250AD74E003F569D /* Comment.swift in Sources */ = {isa = PBXBuildFile; fileRef = 803D75A9250AD74E003F569D /* Comment.swift */; };
		803D75AC250AD75F003F569D /* User.swift in Sources */ = {isa = PBXBuildFile; fileRef = 803D75AB250AD75F003F569D /* User.swift */; };
		803D75AE250AD786003F569D /* Station.swift in Sources */ = {isa = PBXBuildFile; fileRef = 803D75AD250AD786003F569D /* Station.swift */; };
		803D75B3250AE531003F569D /* Post.swift in Sources */ = {isa = PBXBuildFile; fileRef = 803D75B2250AE531003F569D /* Post.swift */; };
		803D75B5250B079E003F569D /* FirebaseExtension.swift in Sources */ = {isa = PBXBuildFile; fileRef = 803D75B4250B079E003F569D /* FirebaseExtension.swift */; };
		804E618724957D0C00825150 /* AppDelegate.swift in Sources */ = {isa = PBXBuildFile; fileRef = 804E618624957D0C00825150 /* AppDelegate.swift */; };
		804E618924957D0C00825150 /* SceneDelegate.swift in Sources */ = {isa = PBXBuildFile; fileRef = 804E618824957D0C00825150 /* SceneDelegate.swift */; };
		804E618B24957D0C00825150 /* ViewController.swift in Sources */ = {isa = PBXBuildFile; fileRef = 804E618A24957D0C00825150 /* ViewController.swift */; };
		804E618E24957D0C00825150 /* Main.storyboard in Resources */ = {isa = PBXBuildFile; fileRef = 804E618C24957D0C00825150 /* Main.storyboard */; };
		804E619024957D1000825150 /* Assets.xcassets in Resources */ = {isa = PBXBuildFile; fileRef = 804E618F24957D1000825150 /* Assets.xcassets */; };
		804E619324957D1000825150 /* LaunchScreen.storyboard in Resources */ = {isa = PBXBuildFile; fileRef = 804E619124957D1000825150 /* LaunchScreen.storyboard */; };
		804E619B24957E3200825150 /* MainTabBarVC.swift in Sources */ = {isa = PBXBuildFile; fileRef = 804E619A24957E3200825150 /* MainTabBarVC.swift */; };
		804E619D24980C9400825150 /* NotificationsTableVC.swift in Sources */ = {isa = PBXBuildFile; fileRef = 804E619C24980C9400825150 /* NotificationsTableVC.swift */; };
		804E61A124980DB000825150 /* SidebarViewController.swift in Sources */ = {isa = PBXBuildFile; fileRef = 804E61A024980DB000825150 /* SidebarViewController.swift */; };
		804E61A324980DD500825150 /* NewPostVC.swift in Sources */ = {isa = PBXBuildFile; fileRef = 804E61A224980DD500825150 /* NewPostVC.swift */; };
		804E61A524980DFD00825150 /* HomeVC.swift in Sources */ = {isa = PBXBuildFile; fileRef = 804E61A424980DFD00825150 /* HomeVC.swift */; };
		8066D62D24A6CEC0002A9E16 /* HomeView.swift in Sources */ = {isa = PBXBuildFile; fileRef = 8066D62C24A6CEC0002A9E16 /* HomeView.swift */; };
		8066D62F24AACAF8002A9E16 /* PostCellWithImage.swift in Sources */ = {isa = PBXBuildFile; fileRef = 8066D62E24AACAF8002A9E16 /* PostCellWithImage.swift */; };
		8067F0BE257AD70800CED98F /* RoundShadowView.swift in Sources */ = {isa = PBXBuildFile; fileRef = 8067F0BD257AD70800CED98F /* RoundShadowView.swift */; };
		8067F0C1257ADC3B00CED98F /* PostCollectionViewCell.swift in Sources */ = {isa = PBXBuildFile; fileRef = 8067F0C0257ADC3B00CED98F /* PostCollectionViewCell.swift */; };
		8067F123257C158300CED98F /* StaticStationData.swift in Sources */ = {isa = PBXBuildFile; fileRef = 8067F122257C158300CED98F /* StaticStationData.swift */; };
		8068E7CE2541029C00A85B33 /* CellProtocols.swift in Sources */ = {isa = PBXBuildFile; fileRef = 8068E7CD2541029C00A85B33 /* CellProtocols.swift */; };
		8068E7D3254107BD00A85B33 /* ParentStationViewController.swift in Sources */ = {isa = PBXBuildFile; fileRef = 8068E7D2254107BD00A85B33 /* ParentStationViewController.swift */; };
		8068E80225410B0B00A85B33 /* SegmentedControlWithTwoTableViews.swift in Sources */ = {isa = PBXBuildFile; fileRef = 8068E80125410B0B00A85B33 /* SegmentedControlWithTwoTableViews.swift */; };
		8068E81C2542329300A85B33 /* OtherProfileViewController.swift in Sources */ = {isa = PBXBuildFile; fileRef = 8068E81B2542329300A85B33 /* OtherProfileViewController.swift */; };
		80699C9C25A7CA480037FF0F /* LoadingFooterView.swift in Sources */ = {isa = PBXBuildFile; fileRef = 80699C9B25A7CA480037FF0F /* LoadingFooterView.swift */; };
		80699CBC25AE59D10037FF0F /* FeedCollectionViewController.swift in Sources */ = {isa = PBXBuildFile; fileRef = 80699CBB25AE59D10037FF0F /* FeedCollectionViewController.swift */; };
		806B790524B817AD002B45BD /* PostModel.swift in Sources */ = {isa = PBXBuildFile; fileRef = 806B790424B817AD002B45BD /* PostModel.swift */; };
		806E777624C9074700A95B89 /* Constants.swift in Sources */ = {isa = PBXBuildFile; fileRef = 806E777524C9074700A95B89 /* Constants.swift */; };
		806E777824C9076200A95B89 /* Extensions.swift in Sources */ = {isa = PBXBuildFile; fileRef = 806E777724C9076200A95B89 /* Extensions.swift */; };
		806E777A24C9255F00A95B89 /* DataTest.swift in Sources */ = {isa = PBXBuildFile; fileRef = 806E777924C9255F00A95B89 /* DataTest.swift */; };
		8071D7A42551E99000547CC1 /* AlertPresenter.swift in Sources */ = {isa = PBXBuildFile; fileRef = 8071D7A32551E99000547CC1 /* AlertPresenter.swift */; };
		8071D7C12554A8EE00547CC1 /* UserManagerEnums.swift in Sources */ = {isa = PBXBuildFile; fileRef = 8071D7C02554A8ED00547CC1 /* UserManagerEnums.swift */; };
		8081185424C2626C0032D46D /* LoginViewController.swift in Sources */ = {isa = PBXBuildFile; fileRef = 8081185324C2626C0032D46D /* LoginViewController.swift */; };
		8081185624C262910032D46D /* LoginView.swift in Sources */ = {isa = PBXBuildFile; fileRef = 8081185524C262910032D46D /* LoginView.swift */; };
		808361C425290DEC00DEF0DE /* PostCellWithoutImage.swift in Sources */ = {isa = PBXBuildFile; fileRef = 808361C325290DEC00DEF0DE /* PostCellWithoutImage.swift */; };
		808361C8252920F900DEF0DE /* UserManager.swift in Sources */ = {isa = PBXBuildFile; fileRef = 808361C7252920F900DEF0DE /* UserManager.swift */; };
		808361CB2529215700DEF0DE /* NetworkManager.swift in Sources */ = {isa = PBXBuildFile; fileRef = 808361CA2529215700DEF0DE /* NetworkManager.swift */; };
		80A0DC16253B56A500474541 /* SegmentedControlWithStackView.swift in Sources */ = {isa = PBXBuildFile; fileRef = 80A0DC15253B56A500474541 /* SegmentedControlWithStackView.swift */; };
		80A0DC1D253B780300474541 /* BoardCell.swift in Sources */ = {isa = PBXBuildFile; fileRef = 80A0DC1C253B780300474541 /* BoardCell.swift */; };
		80AF6F0F2579A2B5006A6C57 /* ShadowLayerView.swift in Sources */ = {isa = PBXBuildFile; fileRef = 80AF6F0E2579A2B5006A6C57 /* ShadowLayerView.swift */; };
		80B2C68E2516B54C0025F9EE /* SettingsTableViewController.swift in Sources */ = {isa = PBXBuildFile; fileRef = 80B2C68D2516B54C0025F9EE /* SettingsTableViewController.swift */; };
		80B2C6A92516E3220025F9EE /* SideBarSlidingTransition.swift in Sources */ = {isa = PBXBuildFile; fileRef = 80B2C6A82516E3220025F9EE /* SideBarSlidingTransition.swift */; };
		80BB37B024D7ACCB00B12253 /* StationView.swift in Sources */ = {isa = PBXBuildFile; fileRef = 80BB37AF24D7ACCB00B12253 /* StationView.swift */; };
		80BB37B224D8C50700B12253 /* StationViewController.swift in Sources */ = {isa = PBXBuildFile; fileRef = 80BB37B124D8C50700B12253 /* StationViewController.swift */; };
		80CA4FC624C4CA2900B66D6B /* SignUpViewController.swift in Sources */ = {isa = PBXBuildFile; fileRef = 80CA4FC524C4CA2900B66D6B /* SignUpViewController.swift */; };
		80CA4FC824C4CA3E00B66D6B /* SignUpView.swift in Sources */ = {isa = PBXBuildFile; fileRef = 80CA4FC724C4CA3E00B66D6B /* SignUpView.swift */; };
		80D97BA9251D819000825BBB /* MissionsCell.swift in Sources */ = {isa = PBXBuildFile; fileRef = 80D97BA8251D819000825BBB /* MissionsCell.swift */; };
		80D97BAC251D819C00825BBB /* MissionDeadlineCell.swift in Sources */ = {isa = PBXBuildFile; fileRef = 80D97BAB251D819C00825BBB /* MissionDeadlineCell.swift */; };
		80F52F8B251C1AA400076825 /* ProfileView.swift in Sources */ = {isa = PBXBuildFile; fileRef = 80F52F8A251C1AA400076825 /* ProfileView.swift */; };
		80F57E0425A4F7A100CDF5C3 /* PostPaginator.swift in Sources */ = {isa = PBXBuildFile; fileRef = 80F57E0325A4F7A100CDF5C3 /* PostPaginator.swift */; };
		90C178B725319EE800200222 /* QueryData.swift in Sources */ = {isa = PBXBuildFile; fileRef = 90C178B625319EE800200222 /* QueryData.swift */; };
		90C178CD25439A5200200222 /* AcceptedMission.swift in Sources */ = {isa = PBXBuildFile; fileRef = 90C178CC25439A5200200222 /* AcceptedMission.swift */; };
		90C178CF25439A6300200222 /* Like.swift in Sources */ = {isa = PBXBuildFile; fileRef = 90C178CE25439A6300200222 /* Like.swift */; };
		90C178D325439A9000200222 /* Follower.swift in Sources */ = {isa = PBXBuildFile; fileRef = 90C178D225439A9000200222 /* Follower.swift */; };
		90C178D525439AA100200222 /* FollowedStation.swift in Sources */ = {isa = PBXBuildFile; fileRef = 90C178D425439AA100200222 /* FollowedStation.swift */; };
		90C178D72543AC8000200222 /* BlacklistedUser.swift in Sources */ = {isa = PBXBuildFile; fileRef = 90C178D62543AC8000200222 /* BlacklistedUser.swift */; };
		D376F7B778D7EC42DE2A05F2 /* Pods_projectX.framework in Frameworks */ = {isa = PBXBuildFile; fileRef = 6016FA9D2BEBBB85B30C0B41 /* Pods_projectX.framework */; };
		ED4E056E2533C3CF007ED4FA /* Notification.swift in Sources */ = {isa = PBXBuildFile; fileRef = ED4E056D2533C3CF007ED4FA /* Notification.swift */; };
		ED4E05722533C7C2007ED4FA /* Mission.swift in Sources */ = {isa = PBXBuildFile; fileRef = ED4E05712533C7C2007ED4FA /* Mission.swift */; };
/* End PBXBuildFile section */

/* Begin PBXFileReference section */
		4A216F81A4DD94A6239F9BAE /* Pods-projectX.debug.xcconfig */ = {isa = PBXFileReference; includeInIndex = 1; lastKnownFileType = text.xcconfig; name = "Pods-projectX.debug.xcconfig"; path = "Target Support Files/Pods-projectX/Pods-projectX.debug.xcconfig"; sourceTree = "<group>"; };
		563A4ECA25B6028000FFEF66 /* GoogleService-Info.plist */ = {isa = PBXFileReference; fileEncoding = 4; lastKnownFileType = text.plist.xml; path = "GoogleService-Info.plist"; sourceTree = "<group>"; };
		6016FA9D2BEBBB85B30C0B41 /* Pods_projectX.framework */ = {isa = PBXFileReference; explicitFileType = wrapper.framework; includeInIndex = 0; path = Pods_projectX.framework; sourceTree = BUILT_PRODUCTS_DIR; };
		801A37A52514024800F22A11 /* NotificationCell.swift */ = {isa = PBXFileReference; fileEncoding = 4; lastKnownFileType = sourcecode.swift; path = NotificationCell.swift; sourceTree = "<group>"; };
		801A37A72514025D00F22A11 /* NotificationView.swift */ = {isa = PBXFileReference; fileEncoding = 4; lastKnownFileType = sourcecode.swift; path = NotificationView.swift; sourceTree = "<group>"; };
		803972D42519780D002695EC /* SideBarView.swift */ = {isa = PBXFileReference; lastKnownFileType = sourcecode.swift; path = SideBarView.swift; sourceTree = "<group>"; };
		803D759E250AD3E0003F569D /* NewCommentView.swift */ = {isa = PBXFileReference; fileEncoding = 4; lastKnownFileType = sourcecode.swift; path = NewCommentView.swift; sourceTree = "<group>"; };
		803D759F250AD3E0003F569D /* CommentCell.swift */ = {isa = PBXFileReference; fileEncoding = 4; lastKnownFileType = sourcecode.swift; path = CommentCell.swift; sourceTree = "<group>"; };
		803D75A0250AD3E0003F569D /* PostView.swift */ = {isa = PBXFileReference; fileEncoding = 4; lastKnownFileType = sourcecode.swift; path = PostView.swift; sourceTree = "<group>"; };
		803D75A1250AD3E0003F569D /* PostViewController.swift */ = {isa = PBXFileReference; fileEncoding = 4; lastKnownFileType = sourcecode.swift; path = PostViewController.swift; sourceTree = "<group>"; };
		803D75A9250AD74E003F569D /* Comment.swift */ = {isa = PBXFileReference; lastKnownFileType = sourcecode.swift; path = Comment.swift; sourceTree = "<group>"; };
		803D75AB250AD75F003F569D /* User.swift */ = {isa = PBXFileReference; lastKnownFileType = sourcecode.swift; path = User.swift; sourceTree = "<group>"; };
		803D75AD250AD786003F569D /* Station.swift */ = {isa = PBXFileReference; lastKnownFileType = sourcecode.swift; path = Station.swift; sourceTree = "<group>"; };
		803D75B2250AE531003F569D /* Post.swift */ = {isa = PBXFileReference; lastKnownFileType = sourcecode.swift; path = Post.swift; sourceTree = "<group>"; };
		803D75B4250B079E003F569D /* FirebaseExtension.swift */ = {isa = PBXFileReference; lastKnownFileType = sourcecode.swift; path = FirebaseExtension.swift; sourceTree = "<group>"; };
		804E618324957D0C00825150 /* projectX.app */ = {isa = PBXFileReference; explicitFileType = wrapper.application; includeInIndex = 0; path = projectX.app; sourceTree = BUILT_PRODUCTS_DIR; };
		804E618624957D0C00825150 /* AppDelegate.swift */ = {isa = PBXFileReference; lastKnownFileType = sourcecode.swift; path = AppDelegate.swift; sourceTree = "<group>"; };
		804E618824957D0C00825150 /* SceneDelegate.swift */ = {isa = PBXFileReference; lastKnownFileType = sourcecode.swift; path = SceneDelegate.swift; sourceTree = "<group>"; };
		804E618A24957D0C00825150 /* ViewController.swift */ = {isa = PBXFileReference; lastKnownFileType = sourcecode.swift; path = ViewController.swift; sourceTree = "<group>"; };
		804E618D24957D0C00825150 /* Base */ = {isa = PBXFileReference; lastKnownFileType = file.storyboard; name = Base; path = Base.lproj/Main.storyboard; sourceTree = "<group>"; };
		804E618F24957D1000825150 /* Assets.xcassets */ = {isa = PBXFileReference; lastKnownFileType = folder.assetcatalog; path = Assets.xcassets; sourceTree = "<group>"; };
		804E619224957D1000825150 /* Base */ = {isa = PBXFileReference; lastKnownFileType = file.storyboard; name = Base; path = Base.lproj/LaunchScreen.storyboard; sourceTree = "<group>"; };
		804E619424957D1000825150 /* Info.plist */ = {isa = PBXFileReference; lastKnownFileType = text.plist.xml; path = Info.plist; sourceTree = "<group>"; };
		804E619A24957E3200825150 /* MainTabBarVC.swift */ = {isa = PBXFileReference; lastKnownFileType = sourcecode.swift; path = MainTabBarVC.swift; sourceTree = "<group>"; };
		804E619C24980C9400825150 /* NotificationsTableVC.swift */ = {isa = PBXFileReference; lastKnownFileType = sourcecode.swift; path = NotificationsTableVC.swift; sourceTree = "<group>"; };
		804E61A024980DB000825150 /* SidebarViewController.swift */ = {isa = PBXFileReference; lastKnownFileType = sourcecode.swift; path = SidebarViewController.swift; sourceTree = "<group>"; };
		804E61A224980DD500825150 /* NewPostVC.swift */ = {isa = PBXFileReference; lastKnownFileType = sourcecode.swift; path = NewPostVC.swift; sourceTree = "<group>"; };
		804E61A424980DFD00825150 /* HomeVC.swift */ = {isa = PBXFileReference; lastKnownFileType = sourcecode.swift; path = HomeVC.swift; sourceTree = "<group>"; };
		8066D62C24A6CEC0002A9E16 /* HomeView.swift */ = {isa = PBXFileReference; lastKnownFileType = sourcecode.swift; path = HomeView.swift; sourceTree = "<group>"; };
		8066D62E24AACAF8002A9E16 /* PostCellWithImage.swift */ = {isa = PBXFileReference; lastKnownFileType = sourcecode.swift; path = PostCellWithImage.swift; sourceTree = "<group>"; };
		8067F0BD257AD70800CED98F /* RoundShadowView.swift */ = {isa = PBXFileReference; lastKnownFileType = sourcecode.swift; path = RoundShadowView.swift; sourceTree = "<group>"; };
		8067F0C0257ADC3B00CED98F /* PostCollectionViewCell.swift */ = {isa = PBXFileReference; lastKnownFileType = sourcecode.swift; path = PostCollectionViewCell.swift; sourceTree = "<group>"; };
		8067F122257C158300CED98F /* StaticStationData.swift */ = {isa = PBXFileReference; lastKnownFileType = sourcecode.swift; path = StaticStationData.swift; sourceTree = "<group>"; };
		8068E7CD2541029C00A85B33 /* CellProtocols.swift */ = {isa = PBXFileReference; lastKnownFileType = sourcecode.swift; path = CellProtocols.swift; sourceTree = "<group>"; };
		8068E7D2254107BD00A85B33 /* ParentStationViewController.swift */ = {isa = PBXFileReference; lastKnownFileType = sourcecode.swift; path = ParentStationViewController.swift; sourceTree = "<group>"; };
		8068E80125410B0B00A85B33 /* SegmentedControlWithTwoTableViews.swift */ = {isa = PBXFileReference; lastKnownFileType = sourcecode.swift; path = SegmentedControlWithTwoTableViews.swift; sourceTree = "<group>"; };
		8068E81B2542329300A85B33 /* OtherProfileViewController.swift */ = {isa = PBXFileReference; lastKnownFileType = sourcecode.swift; path = OtherProfileViewController.swift; sourceTree = "<group>"; };
		80699C9B25A7CA480037FF0F /* LoadingFooterView.swift */ = {isa = PBXFileReference; lastKnownFileType = sourcecode.swift; path = LoadingFooterView.swift; sourceTree = "<group>"; };
		80699CBB25AE59D10037FF0F /* FeedCollectionViewController.swift */ = {isa = PBXFileReference; lastKnownFileType = sourcecode.swift; path = FeedCollectionViewController.swift; sourceTree = "<group>"; };
		806B790424B817AD002B45BD /* PostModel.swift */ = {isa = PBXFileReference; lastKnownFileType = sourcecode.swift; path = PostModel.swift; sourceTree = "<group>"; };
		806E777524C9074700A95B89 /* Constants.swift */ = {isa = PBXFileReference; lastKnownFileType = sourcecode.swift; path = Constants.swift; sourceTree = "<group>"; };
		806E777724C9076200A95B89 /* Extensions.swift */ = {isa = PBXFileReference; lastKnownFileType = sourcecode.swift; path = Extensions.swift; sourceTree = "<group>"; };
		806E777924C9255F00A95B89 /* DataTest.swift */ = {isa = PBXFileReference; lastKnownFileType = sourcecode.swift; path = DataTest.swift; sourceTree = "<group>"; };
		8071D7A32551E99000547CC1 /* AlertPresenter.swift */ = {isa = PBXFileReference; lastKnownFileType = sourcecode.swift; path = AlertPresenter.swift; sourceTree = "<group>"; };
		8071D7C02554A8ED00547CC1 /* UserManagerEnums.swift */ = {isa = PBXFileReference; lastKnownFileType = sourcecode.swift; path = UserManagerEnums.swift; sourceTree = "<group>"; };
		8081185324C2626C0032D46D /* LoginViewController.swift */ = {isa = PBXFileReference; lastKnownFileType = sourcecode.swift; path = LoginViewController.swift; sourceTree = "<group>"; };
		8081185524C262910032D46D /* LoginView.swift */ = {isa = PBXFileReference; lastKnownFileType = sourcecode.swift; path = LoginView.swift; sourceTree = "<group>"; };
		808361C325290DEC00DEF0DE /* PostCellWithoutImage.swift */ = {isa = PBXFileReference; lastKnownFileType = sourcecode.swift; path = PostCellWithoutImage.swift; sourceTree = "<group>"; };
		808361C7252920F900DEF0DE /* UserManager.swift */ = {isa = PBXFileReference; lastKnownFileType = sourcecode.swift; path = UserManager.swift; sourceTree = "<group>"; };
		808361CA2529215700DEF0DE /* NetworkManager.swift */ = {isa = PBXFileReference; lastKnownFileType = sourcecode.swift; path = NetworkManager.swift; sourceTree = "<group>"; };
		80A0DC15253B56A500474541 /* SegmentedControlWithStackView.swift */ = {isa = PBXFileReference; lastKnownFileType = sourcecode.swift; path = SegmentedControlWithStackView.swift; sourceTree = "<group>"; };
		80A0DC1C253B780300474541 /* BoardCell.swift */ = {isa = PBXFileReference; lastKnownFileType = sourcecode.swift; path = BoardCell.swift; sourceTree = "<group>"; };
		80AF6F0E2579A2B5006A6C57 /* ShadowLayerView.swift */ = {isa = PBXFileReference; lastKnownFileType = sourcecode.swift; path = ShadowLayerView.swift; sourceTree = "<group>"; };
		80B2C68D2516B54C0025F9EE /* SettingsTableViewController.swift */ = {isa = PBXFileReference; lastKnownFileType = sourcecode.swift; path = SettingsTableViewController.swift; sourceTree = "<group>"; };
		80B2C6A82516E3220025F9EE /* SideBarSlidingTransition.swift */ = {isa = PBXFileReference; lastKnownFileType = sourcecode.swift; path = SideBarSlidingTransition.swift; sourceTree = "<group>"; };
		80BB37AF24D7ACCB00B12253 /* StationView.swift */ = {isa = PBXFileReference; lastKnownFileType = sourcecode.swift; path = StationView.swift; sourceTree = "<group>"; };
		80BB37B124D8C50700B12253 /* StationViewController.swift */ = {isa = PBXFileReference; lastKnownFileType = sourcecode.swift; path = StationViewController.swift; sourceTree = "<group>"; };
		80CA4FC524C4CA2900B66D6B /* SignUpViewController.swift */ = {isa = PBXFileReference; lastKnownFileType = sourcecode.swift; path = SignUpViewController.swift; sourceTree = "<group>"; };
		80CA4FC724C4CA3E00B66D6B /* SignUpView.swift */ = {isa = PBXFileReference; lastKnownFileType = sourcecode.swift; path = SignUpView.swift; sourceTree = "<group>"; };
		80D97BA8251D819000825BBB /* MissionsCell.swift */ = {isa = PBXFileReference; fileEncoding = 4; lastKnownFileType = sourcecode.swift; path = MissionsCell.swift; sourceTree = "<group>"; };
		80D97BAB251D819C00825BBB /* MissionDeadlineCell.swift */ = {isa = PBXFileReference; fileEncoding = 4; lastKnownFileType = sourcecode.swift; path = MissionDeadlineCell.swift; sourceTree = "<group>"; };
		80F52F8A251C1AA400076825 /* ProfileView.swift */ = {isa = PBXFileReference; lastKnownFileType = sourcecode.swift; path = ProfileView.swift; sourceTree = "<group>"; };
		80F57E0325A4F7A100CDF5C3 /* PostPaginator.swift */ = {isa = PBXFileReference; lastKnownFileType = sourcecode.swift; path = PostPaginator.swift; sourceTree = "<group>"; };
		90C178B625319EE800200222 /* QueryData.swift */ = {isa = PBXFileReference; lastKnownFileType = sourcecode.swift; path = QueryData.swift; sourceTree = "<group>"; };
		90C178CC25439A5200200222 /* AcceptedMission.swift */ = {isa = PBXFileReference; lastKnownFileType = sourcecode.swift; path = AcceptedMission.swift; sourceTree = "<group>"; };
		90C178CE25439A6300200222 /* Like.swift */ = {isa = PBXFileReference; lastKnownFileType = sourcecode.swift; path = Like.swift; sourceTree = "<group>"; };
		90C178D225439A9000200222 /* Follower.swift */ = {isa = PBXFileReference; lastKnownFileType = sourcecode.swift; path = Follower.swift; sourceTree = "<group>"; };
		90C178D425439AA100200222 /* FollowedStation.swift */ = {isa = PBXFileReference; lastKnownFileType = sourcecode.swift; path = FollowedStation.swift; sourceTree = "<group>"; };
		90C178D62543AC8000200222 /* BlacklistedUser.swift */ = {isa = PBXFileReference; lastKnownFileType = sourcecode.swift; path = BlacklistedUser.swift; sourceTree = "<group>"; };
		CE774F905F70DF49766D0585 /* Pods-projectX.release.xcconfig */ = {isa = PBXFileReference; includeInIndex = 1; lastKnownFileType = text.xcconfig; name = "Pods-projectX.release.xcconfig"; path = "Target Support Files/Pods-projectX/Pods-projectX.release.xcconfig"; sourceTree = "<group>"; };
		ED4E056D2533C3CF007ED4FA /* Notification.swift */ = {isa = PBXFileReference; lastKnownFileType = sourcecode.swift; path = Notification.swift; sourceTree = "<group>"; };
		ED4E05712533C7C2007ED4FA /* Mission.swift */ = {isa = PBXFileReference; fileEncoding = 4; lastKnownFileType = sourcecode.swift; path = Mission.swift; sourceTree = "<group>"; };
/* End PBXFileReference section */

/* Begin PBXFrameworksBuildPhase section */
		804E618024957D0C00825150 /* Frameworks */ = {
			isa = PBXFrameworksBuildPhase;
			buildActionMask = 2147483647;
			files = (
				D376F7B778D7EC42DE2A05F2 /* Pods_projectX.framework in Frameworks */,
			);
			runOnlyForDeploymentPostprocessing = 0;
		};
/* End PBXFrameworksBuildPhase section */

/* Begin PBXGroup section */
		68C6AE271B5168FFDDEEA3A8 /* Frameworks */ = {
			isa = PBXGroup;
			children = (
				6016FA9D2BEBBB85B30C0B41 /* Pods_projectX.framework */,
			);
			name = Frameworks;
			sourceTree = "<group>";
		};
		7B5B9921A6DC5344235D0894 /* Pods */ = {
			isa = PBXGroup;
			children = (
				4A216F81A4DD94A6239F9BAE /* Pods-projectX.debug.xcconfig */,
				CE774F905F70DF49766D0585 /* Pods-projectX.release.xcconfig */,
			);
			path = Pods;
			sourceTree = "<group>";
		};
		803D759D250AD3A5003F569D /* IndividualPost */ = {
			isa = PBXGroup;
			children = (
				803D759E250AD3E0003F569D /* NewCommentView.swift */,
				803D75A0250AD3E0003F569D /* PostView.swift */,
				803D75A1250AD3E0003F569D /* PostViewController.swift */,
			);
			path = IndividualPost;
			sourceTree = "<group>";
		};
		803D75A8250AD700003F569D /* Models */ = {
			isa = PBXGroup;
			children = (
				806B790424B817AD002B45BD /* PostModel.swift */,
				803D75AB250AD75F003F569D /* User.swift */,
				803D75A9250AD74E003F569D /* Comment.swift */,
				803D75AD250AD786003F569D /* Station.swift */,
				803D75B2250AE531003F569D /* Post.swift */,
				ED4E056D2533C3CF007ED4FA /* Notification.swift */,
				ED4E05712533C7C2007ED4FA /* Mission.swift */,
				90C178CC25439A5200200222 /* AcceptedMission.swift */,
				90C178CE25439A6300200222 /* Like.swift */,
				90C178D225439A9000200222 /* Follower.swift */,
				90C178D425439AA100200222 /* FollowedStation.swift */,
				90C178D62543AC8000200222 /* BlacklistedUser.swift */,
				803D75B4250B079E003F569D /* FirebaseExtension.swift */,
			);
			path = Models;
			sourceTree = "<group>";
		};
		803D75B0250ADB73003F569D /* Station */ = {
			isa = PBXGroup;
			children = (
				80BB37AF24D7ACCB00B12253 /* StationView.swift */,
				80BB37B124D8C50700B12253 /* StationViewController.swift */,
				8068E7D2254107BD00A85B33 /* ParentStationViewController.swift */,
			);
			path = Station;
			sourceTree = "<group>";
		};
		803D75B1250ADB84003F569D /* CustomCells */ = {
			isa = PBXGroup;
			children = (
				8066D62E24AACAF8002A9E16 /* PostCellWithImage.swift */,
				808361C325290DEC00DEF0DE /* PostCellWithoutImage.swift */,
				8067F0C0257ADC3B00CED98F /* PostCollectionViewCell.swift */,
				803D759F250AD3E0003F569D /* CommentCell.swift */,
				80A0DC1C253B780300474541 /* BoardCell.swift */,
				8068E7CD2541029C00A85B33 /* CellProtocols.swift */,
			);
			path = CustomCells;
			sourceTree = "<group>";
		};
		804E617A24957D0C00825150 = {
			isa = PBXGroup;
			children = (
				804E618524957D0C00825150 /* projectX */,
				804E618424957D0C00825150 /* Products */,
				7B5B9921A6DC5344235D0894 /* Pods */,
				68C6AE271B5168FFDDEEA3A8 /* Frameworks */,
			);
			sourceTree = "<group>";
		};
		804E618424957D0C00825150 /* Products */ = {
			isa = PBXGroup;
			children = (
				804E618324957D0C00825150 /* projectX.app */,
			);
			name = Products;
			sourceTree = "<group>";
		};
		804E618524957D0C00825150 /* projectX */ = {
			isa = PBXGroup;
			children = (
				80A0DC19253B5BB600474541 /* ReusableUIElements */,
				803D75B1250ADB84003F569D /* CustomCells */,
				806E777424C7C6FA00A95B89 /* Utilities */,
				803D75A8250AD700003F569D /* Models */,
				8071D792254DF99F00547CC1 /* MainTabBar */,
				803D75B0250ADB73003F569D /* Station */,
				803D759D250AD3A5003F569D /* IndividualPost */,
				804E61AB24980E8400825150 /* Profile */,
				8081185224C2624A0032D46D /* Login */,
				804E61A824980E6A00825150 /* Sidebar */,
				804E61AA24980E7D00825150 /* Home */,
				804E61A924980E7500825150 /* NewPost */,
				804E619E24980D2A00825150 /* Notifications */,
				804E618F24957D1000825150 /* Assets.xcassets */,
				804E619F24980D7000825150 /* etc */,
				804E619424957D1000825150 /* Info.plist */,
				563A4ECA25B6028000FFEF66 /* GoogleService-Info.plist */,
			);
			path = projectX;
			sourceTree = "<group>";
		};
		804E619E24980D2A00825150 /* Notifications */ = {
			isa = PBXGroup;
			children = (
				80D97BAB251D819C00825BBB /* MissionDeadlineCell.swift */,
				80D97BA8251D819000825BBB /* MissionsCell.swift */,
				801A37A72514025D00F22A11 /* NotificationView.swift */,
				801A37A52514024800F22A11 /* NotificationCell.swift */,
				804E619C24980C9400825150 /* NotificationsTableVC.swift */,
			);
			path = Notifications;
			sourceTree = "<group>";
		};
		804E619F24980D7000825150 /* etc */ = {
			isa = PBXGroup;
			children = (
				804E618824957D0C00825150 /* SceneDelegate.swift */,
				804E618A24957D0C00825150 /* ViewController.swift */,
				804E618624957D0C00825150 /* AppDelegate.swift */,
				804E618C24957D0C00825150 /* Main.storyboard */,
				804E619124957D1000825150 /* LaunchScreen.storyboard */,
			);
			path = etc;
			sourceTree = "<group>";
		};
		804E61A824980E6A00825150 /* Sidebar */ = {
			isa = PBXGroup;
			children = (
				80B2C68D2516B54C0025F9EE /* SettingsTableViewController.swift */,
				803972D42519780D002695EC /* SideBarView.swift */,
				804E61A024980DB000825150 /* SidebarViewController.swift */,
			);
			path = Sidebar;
			sourceTree = "<group>";
		};
		804E61A924980E7500825150 /* NewPost */ = {
			isa = PBXGroup;
			children = (
				804E61A224980DD500825150 /* NewPostVC.swift */,
			);
			path = NewPost;
			sourceTree = "<group>";
		};
		804E61AA24980E7D00825150 /* Home */ = {
			isa = PBXGroup;
			children = (
				8066D62C24A6CEC0002A9E16 /* HomeView.swift */,
				804E61A424980DFD00825150 /* HomeVC.swift */,
				80699CBB25AE59D10037FF0F /* FeedCollectionViewController.swift */,
				80699C9B25A7CA480037FF0F /* LoadingFooterView.swift */,
			);
			path = Home;
			sourceTree = "<group>";
		};
		804E61AB24980E8400825150 /* Profile */ = {
			isa = PBXGroup;
			children = (
				8068E81B2542329300A85B33 /* OtherProfileViewController.swift */,
				80F52F8A251C1AA400076825 /* ProfileView.swift */,
			);
			path = Profile;
			sourceTree = "<group>";
		};
		806E777424C7C6FA00A95B89 /* Utilities */ = {
			isa = PBXGroup;
			children = (
				808361C7252920F900DEF0DE /* UserManager.swift */,
				8067F122257C158300CED98F /* StaticStationData.swift */,
				8071D7C02554A8ED00547CC1 /* UserManagerEnums.swift */,
				808361CA2529215700DEF0DE /* NetworkManager.swift */,
				8071D7A32551E99000547CC1 /* AlertPresenter.swift */,
				806E777524C9074700A95B89 /* Constants.swift */,
				806E777924C9255F00A95B89 /* DataTest.swift */,
				806E777724C9076200A95B89 /* Extensions.swift */,
				80F57E0325A4F7A100CDF5C3 /* PostPaginator.swift */,
				90C178B625319EE800200222 /* QueryData.swift */,
			);
			path = Utilities;
			sourceTree = "<group>";
		};
		8071D792254DF99F00547CC1 /* MainTabBar */ = {
			isa = PBXGroup;
			children = (
				804E619A24957E3200825150 /* MainTabBarVC.swift */,
				80B2C6A82516E3220025F9EE /* SideBarSlidingTransition.swift */,
			);
			path = MainTabBar;
			sourceTree = "<group>";
		};
		8081185224C2624A0032D46D /* Login */ = {
			isa = PBXGroup;
			children = (
				8081185324C2626C0032D46D /* LoginViewController.swift */,
				8081185524C262910032D46D /* LoginView.swift */,
				80CA4FC524C4CA2900B66D6B /* SignUpViewController.swift */,
				80CA4FC724C4CA3E00B66D6B /* SignUpView.swift */,
			);
			path = Login;
			sourceTree = "<group>";
		};
		80A0DC19253B5BB600474541 /* ReusableUIElements */ = {
			isa = PBXGroup;
			children = (
				80AF6F0E2579A2B5006A6C57 /* ShadowLayerView.swift */,
				8067F0BD257AD70800CED98F /* RoundShadowView.swift */,
				80A0DC15253B56A500474541 /* SegmentedControlWithStackView.swift */,
				8068E80125410B0B00A85B33 /* SegmentedControlWithTwoTableViews.swift */,
			);
			path = ReusableUIElements;
			sourceTree = "<group>";
		};
/* End PBXGroup section */

/* Begin PBXNativeTarget section */
		804E618224957D0C00825150 /* projectX */ = {
			isa = PBXNativeTarget;
			buildConfigurationList = 804E619724957D1000825150 /* Build configuration list for PBXNativeTarget "projectX" */;
			buildPhases = (
				04BEC13167CB2D8404355FF0 /* [CP] Check Pods Manifest.lock */,
				804E617F24957D0C00825150 /* Sources */,
				804E618024957D0C00825150 /* Frameworks */,
				804E618124957D0C00825150 /* Resources */,
				681973534E769018E58B9EA8 /* [CP] Embed Pods Frameworks */,
			);
			buildRules = (
			);
			dependencies = (
			);
			name = projectX;
			productName = projectX;
			productReference = 804E618324957D0C00825150 /* projectX.app */;
			productType = "com.apple.product-type.application";
		};
/* End PBXNativeTarget section */

/* Begin PBXProject section */
		804E617B24957D0C00825150 /* Project object */ = {
			isa = PBXProject;
			attributes = {
				LastSwiftUpdateCheck = 1150;
				LastUpgradeCheck = 1200;
				ORGANIZATIONNAME = "Radomyr Bezghin";
				TargetAttributes = {
					804E618224957D0C00825150 = {
						CreatedOnToolsVersion = 11.5;
					};
				};
			};
			buildConfigurationList = 804E617E24957D0C00825150 /* Build configuration list for PBXProject "projectX" */;
			compatibilityVersion = "Xcode 9.3";
			developmentRegion = en;
			hasScannedForEncodings = 0;
			knownRegions = (
				en,
				Base,
			);
			mainGroup = 804E617A24957D0C00825150;
			productRefGroup = 804E618424957D0C00825150 /* Products */;
			projectDirPath = "";
			projectRoot = "";
			targets = (
				804E618224957D0C00825150 /* projectX */,
			);
		};
/* End PBXProject section */

/* Begin PBXResourcesBuildPhase section */
		804E618124957D0C00825150 /* Resources */ = {
			isa = PBXResourcesBuildPhase;
			buildActionMask = 2147483647;
			files = (
				804E619324957D1000825150 /* LaunchScreen.storyboard in Resources */,
				563A4ECB25B6028000FFEF66 /* GoogleService-Info.plist in Resources */,
				804E619024957D1000825150 /* Assets.xcassets in Resources */,
				804E618E24957D0C00825150 /* Main.storyboard in Resources */,
			);
			runOnlyForDeploymentPostprocessing = 0;
		};
/* End PBXResourcesBuildPhase section */

/* Begin PBXShellScriptBuildPhase section */
		04BEC13167CB2D8404355FF0 /* [CP] Check Pods Manifest.lock */ = {
			isa = PBXShellScriptBuildPhase;
			buildActionMask = 2147483647;
			files = (
			);
			inputFileListPaths = (
			);
			inputPaths = (
				"${PODS_PODFILE_DIR_PATH}/Podfile.lock",
				"${PODS_ROOT}/Manifest.lock",
			);
			name = "[CP] Check Pods Manifest.lock";
			outputFileListPaths = (
			);
			outputPaths = (
				"$(DERIVED_FILE_DIR)/Pods-projectX-checkManifestLockResult.txt",
			);
			runOnlyForDeploymentPostprocessing = 0;
			shellPath = /bin/sh;
			shellScript = "diff \"${PODS_PODFILE_DIR_PATH}/Podfile.lock\" \"${PODS_ROOT}/Manifest.lock\" > /dev/null\nif [ $? != 0 ] ; then\n    # print error to STDERR\n    echo \"error: The sandbox is not in sync with the Podfile.lock. Run 'pod install' or update your CocoaPods installation.\" >&2\n    exit 1\nfi\n# This output is used by Xcode 'outputs' to avoid re-running this script phase.\necho \"SUCCESS\" > \"${SCRIPT_OUTPUT_FILE_0}\"\n";
			showEnvVarsInLog = 0;
		};
		681973534E769018E58B9EA8 /* [CP] Embed Pods Frameworks */ = {
			isa = PBXShellScriptBuildPhase;
			buildActionMask = 2147483647;
			files = (
			);
			inputFileListPaths = (
				"${PODS_ROOT}/Target Support Files/Pods-projectX/Pods-projectX-frameworks-${CONFIGURATION}-input-files.xcfilelist",
			);
			name = "[CP] Embed Pods Frameworks";
			outputFileListPaths = (
				"${PODS_ROOT}/Target Support Files/Pods-projectX/Pods-projectX-frameworks-${CONFIGURATION}-output-files.xcfilelist",
			);
			runOnlyForDeploymentPostprocessing = 0;
			shellPath = /bin/sh;
			shellScript = "\"${PODS_ROOT}/Target Support Files/Pods-projectX/Pods-projectX-frameworks.sh\"\n";
			showEnvVarsInLog = 0;
		};
/* End PBXShellScriptBuildPhase section */

/* Begin PBXSourcesBuildPhase section */
		804E617F24957D0C00825150 /* Sources */ = {
			isa = PBXSourcesBuildPhase;
			buildActionMask = 2147483647;
			files = (
				8081185424C2626C0032D46D /* LoginViewController.swift in Sources */,
				803D75B5250B079E003F569D /* FirebaseExtension.swift in Sources */,
				80AF6F0F2579A2B5006A6C57 /* ShadowLayerView.swift in Sources */,
				804E618B24957D0C00825150 /* ViewController.swift in Sources */,
				804E619D24980C9400825150 /* NotificationsTableVC.swift in Sources */,
				80D97BAC251D819C00825BBB /* MissionDeadlineCell.swift in Sources */,
				80699CBC25AE59D10037FF0F /* FeedCollectionViewController.swift in Sources */,
				8081185624C262910032D46D /* LoginView.swift in Sources */,
				806E777A24C9255F00A95B89 /* DataTest.swift in Sources */,
				80B2C68E2516B54C0025F9EE /* SettingsTableViewController.swift in Sources */,
				804E618724957D0C00825150 /* AppDelegate.swift in Sources */,
				8068E81C2542329300A85B33 /* OtherProfileViewController.swift in Sources */,
				80F57E0425A4F7A100CDF5C3 /* PostPaginator.swift in Sources */,
				803D75AE250AD786003F569D /* Station.swift in Sources */,
				80D97BA9251D819000825BBB /* MissionsCell.swift in Sources */,
				804E61A324980DD500825150 /* NewPostVC.swift in Sources */,
				8067F123257C158300CED98F /* StaticStationData.swift in Sources */,
				808361C425290DEC00DEF0DE /* PostCellWithoutImage.swift in Sources */,
				803D75B3250AE531003F569D /* Post.swift in Sources */,
				803D75A4250AD3E0003F569D /* PostView.swift in Sources */,
				806E777824C9076200A95B89 /* Extensions.swift in Sources */,
				806B790524B817AD002B45BD /* PostModel.swift in Sources */,
				808361CB2529215700DEF0DE /* NetworkManager.swift in Sources */,
				808361C8252920F900DEF0DE /* UserManager.swift in Sources */,
				801A37A82514025D00F22A11 /* NotificationView.swift in Sources */,
				90C178B725319EE800200222 /* QueryData.swift in Sources */,
				ED4E05722533C7C2007ED4FA /* Mission.swift in Sources */,
				8066D62D24A6CEC0002A9E16 /* HomeView.swift in Sources */,
				804E61A124980DB000825150 /* SidebarViewController.swift in Sources */,
				80CA4FC624C4CA2900B66D6B /* SignUpViewController.swift in Sources */,
				804E618924957D0C00825150 /* SceneDelegate.swift in Sources */,
				80CA4FC824C4CA3E00B66D6B /* SignUpView.swift in Sources */,
				8068E80225410B0B00A85B33 /* SegmentedControlWithTwoTableViews.swift in Sources */,
				803D75AA250AD74E003F569D /* Comment.swift in Sources */,
				ED4E056E2533C3CF007ED4FA /* Notification.swift in Sources */,
				803D75A5250AD3E0003F569D /* PostViewController.swift in Sources */,
				803D75A2250AD3E0003F569D /* NewCommentView.swift in Sources */,
				803D75AC250AD75F003F569D /* User.swift in Sources */,
				801A37A62514024800F22A11 /* NotificationCell.swift in Sources */,
				804E61A524980DFD00825150 /* HomeVC.swift in Sources */,
				80BB37B024D7ACCB00B12253 /* StationView.swift in Sources */,
				80F52F8B251C1AA400076825 /* ProfileView.swift in Sources */,
				80B2C6A92516E3220025F9EE /* SideBarSlidingTransition.swift in Sources */,
				803D75A3250AD3E0003F569D /* CommentCell.swift in Sources */,
				804E619B24957E3200825150 /* MainTabBarVC.swift in Sources */,
				8071D7A42551E99000547CC1 /* AlertPresenter.swift in Sources */,
				8066D62F24AACAF8002A9E16 /* PostCellWithImage.swift in Sources */,
				8071D7C12554A8EE00547CC1 /* UserManagerEnums.swift in Sources */,
				8068E7CE2541029C00A85B33 /* CellProtocols.swift in Sources */,
				80A0DC1D253B780300474541 /* BoardCell.swift in Sources */,
				8068E7D3254107BD00A85B33 /* ParentStationViewController.swift in Sources */,
				8067F0BE257AD70800CED98F /* RoundShadowView.swift in Sources */,
				80A0DC16253B56A500474541 /* SegmentedControlWithStackView.swift in Sources */,
				90C178CD25439A5200200222 /* AcceptedMission.swift in Sources */,
				90C178D325439A9000200222 /* Follower.swift in Sources */,
				806E777624C9074700A95B89 /* Constants.swift in Sources */,
				8067F0C1257ADC3B00CED98F /* PostCollectionViewCell.swift in Sources */,
				80699C9C25A7CA480037FF0F /* LoadingFooterView.swift in Sources */,
				90C178CF25439A6300200222 /* Like.swift in Sources */,
				803972D52519780D002695EC /* SideBarView.swift in Sources */,
				80BB37B224D8C50700B12253 /* StationViewController.swift in Sources */,
				90C178D72543AC8000200222 /* BlacklistedUser.swift in Sources */,
				90C178D525439AA100200222 /* FollowedStation.swift in Sources */,
			);
			runOnlyForDeploymentPostprocessing = 0;
		};
/* End PBXSourcesBuildPhase section */

/* Begin PBXVariantGroup section */
		804E618C24957D0C00825150 /* Main.storyboard */ = {
			isa = PBXVariantGroup;
			children = (
				804E618D24957D0C00825150 /* Base */,
			);
			name = Main.storyboard;
			sourceTree = "<group>";
		};
		804E619124957D1000825150 /* LaunchScreen.storyboard */ = {
			isa = PBXVariantGroup;
			children = (
				804E619224957D1000825150 /* Base */,
			);
			name = LaunchScreen.storyboard;
			sourceTree = "<group>";
		};
/* End PBXVariantGroup section */

/* Begin XCBuildConfiguration section */
		804E619524957D1000825150 /* Debug */ = {
			isa = XCBuildConfiguration;
			buildSettings = {
				ALWAYS_SEARCH_USER_PATHS = NO;
				CLANG_ANALYZER_NONNULL = YES;
				CLANG_ANALYZER_NUMBER_OBJECT_CONVERSION = YES_AGGRESSIVE;
				CLANG_CXX_LANGUAGE_STANDARD = "gnu++14";
				CLANG_CXX_LIBRARY = "libc++";
				CLANG_ENABLE_MODULES = YES;
				CLANG_ENABLE_OBJC_ARC = YES;
				CLANG_ENABLE_OBJC_WEAK = YES;
				CLANG_WARN_BLOCK_CAPTURE_AUTORELEASING = YES;
				CLANG_WARN_BOOL_CONVERSION = YES;
				CLANG_WARN_COMMA = YES;
				CLANG_WARN_CONSTANT_CONVERSION = YES;
				CLANG_WARN_DEPRECATED_OBJC_IMPLEMENTATIONS = YES;
				CLANG_WARN_DIRECT_OBJC_ISA_USAGE = YES_ERROR;
				CLANG_WARN_DOCUMENTATION_COMMENTS = YES;
				CLANG_WARN_EMPTY_BODY = YES;
				CLANG_WARN_ENUM_CONVERSION = YES;
				CLANG_WARN_INFINITE_RECURSION = YES;
				CLANG_WARN_INT_CONVERSION = YES;
				CLANG_WARN_NON_LITERAL_NULL_CONVERSION = YES;
				CLANG_WARN_OBJC_IMPLICIT_RETAIN_SELF = YES;
				CLANG_WARN_OBJC_LITERAL_CONVERSION = YES;
				CLANG_WARN_OBJC_ROOT_CLASS = YES_ERROR;
				CLANG_WARN_QUOTED_INCLUDE_IN_FRAMEWORK_HEADER = YES;
				CLANG_WARN_RANGE_LOOP_ANALYSIS = YES;
				CLANG_WARN_STRICT_PROTOTYPES = YES;
				CLANG_WARN_SUSPICIOUS_MOVE = YES;
				CLANG_WARN_UNGUARDED_AVAILABILITY = YES_AGGRESSIVE;
				CLANG_WARN_UNREACHABLE_CODE = YES;
				CLANG_WARN__DUPLICATE_METHOD_MATCH = YES;
				COPY_PHASE_STRIP = NO;
				DEBUG_INFORMATION_FORMAT = dwarf;
				ENABLE_STRICT_OBJC_MSGSEND = YES;
				ENABLE_TESTABILITY = YES;
				GCC_C_LANGUAGE_STANDARD = gnu11;
				GCC_DYNAMIC_NO_PIC = NO;
				GCC_NO_COMMON_BLOCKS = YES;
				GCC_OPTIMIZATION_LEVEL = 0;
				GCC_PREPROCESSOR_DEFINITIONS = (
					"DEBUG=1",
					"$(inherited)",
				);
				GCC_WARN_64_TO_32_BIT_CONVERSION = YES;
				GCC_WARN_ABOUT_RETURN_TYPE = YES_ERROR;
				GCC_WARN_UNDECLARED_SELECTOR = YES;
				GCC_WARN_UNINITIALIZED_AUTOS = YES_AGGRESSIVE;
				GCC_WARN_UNUSED_FUNCTION = YES;
				GCC_WARN_UNUSED_VARIABLE = YES;
				IPHONEOS_DEPLOYMENT_TARGET = 13.5;
				MTL_ENABLE_DEBUG_INFO = INCLUDE_SOURCE;
				MTL_FAST_MATH = YES;
				ONLY_ACTIVE_ARCH = YES;
				SDKROOT = iphoneos;
				SWIFT_ACTIVE_COMPILATION_CONDITIONS = DEBUG;
				SWIFT_OPTIMIZATION_LEVEL = "-Onone";
			};
			name = Debug;
		};
		804E619624957D1000825150 /* Release */ = {
			isa = XCBuildConfiguration;
			buildSettings = {
				ALWAYS_SEARCH_USER_PATHS = NO;
				CLANG_ANALYZER_NONNULL = YES;
				CLANG_ANALYZER_NUMBER_OBJECT_CONVERSION = YES_AGGRESSIVE;
				CLANG_CXX_LANGUAGE_STANDARD = "gnu++14";
				CLANG_CXX_LIBRARY = "libc++";
				CLANG_ENABLE_MODULES = YES;
				CLANG_ENABLE_OBJC_ARC = YES;
				CLANG_ENABLE_OBJC_WEAK = YES;
				CLANG_WARN_BLOCK_CAPTURE_AUTORELEASING = YES;
				CLANG_WARN_BOOL_CONVERSION = YES;
				CLANG_WARN_COMMA = YES;
				CLANG_WARN_CONSTANT_CONVERSION = YES;
				CLANG_WARN_DEPRECATED_OBJC_IMPLEMENTATIONS = YES;
				CLANG_WARN_DIRECT_OBJC_ISA_USAGE = YES_ERROR;
				CLANG_WARN_DOCUMENTATION_COMMENTS = YES;
				CLANG_WARN_EMPTY_BODY = YES;
				CLANG_WARN_ENUM_CONVERSION = YES;
				CLANG_WARN_INFINITE_RECURSION = YES;
				CLANG_WARN_INT_CONVERSION = YES;
				CLANG_WARN_NON_LITERAL_NULL_CONVERSION = YES;
				CLANG_WARN_OBJC_IMPLICIT_RETAIN_SELF = YES;
				CLANG_WARN_OBJC_LITERAL_CONVERSION = YES;
				CLANG_WARN_OBJC_ROOT_CLASS = YES_ERROR;
				CLANG_WARN_QUOTED_INCLUDE_IN_FRAMEWORK_HEADER = YES;
				CLANG_WARN_RANGE_LOOP_ANALYSIS = YES;
				CLANG_WARN_STRICT_PROTOTYPES = YES;
				CLANG_WARN_SUSPICIOUS_MOVE = YES;
				CLANG_WARN_UNGUARDED_AVAILABILITY = YES_AGGRESSIVE;
				CLANG_WARN_UNREACHABLE_CODE = YES;
				CLANG_WARN__DUPLICATE_METHOD_MATCH = YES;
				COPY_PHASE_STRIP = NO;
				DEBUG_INFORMATION_FORMAT = "dwarf-with-dsym";
				ENABLE_NS_ASSERTIONS = NO;
				ENABLE_STRICT_OBJC_MSGSEND = YES;
				GCC_C_LANGUAGE_STANDARD = gnu11;
				GCC_NO_COMMON_BLOCKS = YES;
				GCC_WARN_64_TO_32_BIT_CONVERSION = YES;
				GCC_WARN_ABOUT_RETURN_TYPE = YES_ERROR;
				GCC_WARN_UNDECLARED_SELECTOR = YES;
				GCC_WARN_UNINITIALIZED_AUTOS = YES_AGGRESSIVE;
				GCC_WARN_UNUSED_FUNCTION = YES;
				GCC_WARN_UNUSED_VARIABLE = YES;
				IPHONEOS_DEPLOYMENT_TARGET = 13.5;
				MTL_ENABLE_DEBUG_INFO = NO;
				MTL_FAST_MATH = YES;
				SDKROOT = iphoneos;
				SWIFT_COMPILATION_MODE = wholemodule;
				SWIFT_OPTIMIZATION_LEVEL = "-O";
				VALIDATE_PRODUCT = YES;
			};
			name = Release;
		};
		804E619824957D1000825150 /* Debug */ = {
			isa = XCBuildConfiguration;
			baseConfigurationReference = 4A216F81A4DD94A6239F9BAE /* Pods-projectX.debug.xcconfig */;
			buildSettings = {
				ASSETCATALOG_COMPILER_APPICON_NAME = AppIcon;
				CODE_SIGN_STYLE = Automatic;
				CURRENT_PROJECT_VERSION = 4;
				DEVELOPMENT_TEAM = 5NP79EB7TF;
				INFOPLIST_FILE = projectX/Info.plist;
				LD_RUNPATH_SEARCH_PATHS = (
					"$(inherited)",
					"@executable_path/Frameworks",
				);
				PRODUCT_BUNDLE_IDENTIFIER = com.AdedejiToki.projectX;
				PRODUCT_NAME = "$(TARGET_NAME)";
				SWIFT_VERSION = 5.0;
				TARGETED_DEVICE_FAMILY = "1,2";
			};
			name = Debug;
		};
		804E619924957D1000825150 /* Release */ = {
			isa = XCBuildConfiguration;
			baseConfigurationReference = CE774F905F70DF49766D0585 /* Pods-projectX.release.xcconfig */;
			buildSettings = {
				ASSETCATALOG_COMPILER_APPICON_NAME = AppIcon;
				CODE_SIGN_STYLE = Automatic;
				CURRENT_PROJECT_VERSION = 4;
				DEVELOPMENT_TEAM = 5NP79EB7TF;
				INFOPLIST_FILE = projectX/Info.plist;
				LD_RUNPATH_SEARCH_PATHS = (
					"$(inherited)",
					"@executable_path/Frameworks",
				);
				PRODUCT_BUNDLE_IDENTIFIER = com.AdedejiToki.projectX;
				PRODUCT_NAME = "$(TARGET_NAME)";
				SWIFT_VERSION = 5.0;
				TARGETED_DEVICE_FAMILY = "1,2";
			};
			name = Release;
		};
/* End XCBuildConfiguration section */

/* Begin XCConfigurationList section */
		804E617E24957D0C00825150 /* Build configuration list for PBXProject "projectX" */ = {
			isa = XCConfigurationList;
			buildConfigurations = (
				804E619524957D1000825150 /* Debug */,
				804E619624957D1000825150 /* Release */,
			);
			defaultConfigurationIsVisible = 0;
			defaultConfigurationName = Release;
		};
		804E619724957D1000825150 /* Build configuration list for PBXNativeTarget "projectX" */ = {
			isa = XCConfigurationList;
			buildConfigurations = (
				804E619824957D1000825150 /* Debug */,
				804E619924957D1000825150 /* Release */,
			);
			defaultConfigurationIsVisible = 0;
			defaultConfigurationName = Release;
		};
/* End XCConfigurationList section */
	};
	rootObject = 804E617B24957D0C00825150 /* Project object */;
}
